<?xml version="1.0" encoding="utf-8"?>
<Project ToolsVersion="4.0" xmlns="http://schemas.microsoft.com/developer/msbuild/2003">
  <ItemGroup>
    <Filter Include="Source Files">
      <UniqueIdentifier>{4FC737F1-C7A5-4376-A066-2A32D752A2FF}</UniqueIdentifier>
      <Extensions>cpp;c;cc;cxx;def;odl;idl;hpj;bat;asm;asmx</Extensions>
    </Filter>
    <Filter Include="Header Files">
      <UniqueIdentifier>{93995380-89BD-4b04-88EB-625FBE52EBFB}</UniqueIdentifier>
      <Extensions>h;hh;hpp;hxx;hm;inl;inc;xsd</Extensions>
    </Filter>
    <Filter Include="Resource Files">
      <UniqueIdentifier>{67DA6AB6-F800-4c08-8B7A-83BB121AAD01}</UniqueIdentifier>
      <Extensions>rc;ico;cur;bmp;dlg;rc2;rct;bin;rgs;gif;jpg;jpeg;jpe;resx;tiff;tif;png;wav;mfcribbon-ms</Extensions>
    </Filter>
    <Filter Include="Engine">
      <UniqueIdentifier>{1c08ae73-06e3-4e97-9edc-d5ba5bea7d1e}</UniqueIdentifier>
    </Filter>
    <Filter Include="Scenes">
      <UniqueIdentifier>{4c1177d7-6691-47e6-92b9-38f5b13303f1}</UniqueIdentifier>
    </Filter>
    <Filter Include="Behaviours">
      <UniqueIdentifier>{e8ec87fa-7a6c-4b4d-9497-f3f328eba87c}</UniqueIdentifier>
    </Filter>
  </ItemGroup>
  <ItemGroup>
    <ClCompile Include="Engine\Input.cpp">
      <Filter>Engine</Filter>
    </ClCompile>
    <ClCompile Include="Engine\main.cpp">
      <Filter>Engine</Filter>
    </ClCompile>
    <ClCompile Include="Engine\Vector2.cpp">
      <Filter>Engine</Filter>
    </ClCompile>
    <ClCompile Include="Scenes\TestScene.cpp">
      <Filter>Scenes</Filter>
    </ClCompile>
    <ClCompile Include="Scenes\TestScene2.cpp">
      <Filter>Scenes</Filter>
    </ClCompile>
    <ClCompile Include="Scenes\TestScene3.cpp">
      <Filter>Scenes</Filter>
    </ClCompile>
    <ClCompile Include="Scenes\TransformPivotScene.cpp">
      <Filter>Scenes</Filter>
    </ClCompile>
    <ClCompile Include="Engine\Time.cpp">
      <Filter>Engine</Filter>
    </ClCompile>
    <ClCompile Include="Behaviours\BehaviourToRemove.cpp">
      <Filter>Behaviours</Filter>
    </ClCompile>
    <ClCompile Include="Behaviours\ColorChanger.cpp">
      <Filter>Behaviours</Filter>
    </ClCompile>
    <ClCompile Include="Behaviours\Crosshair.cpp">
      <Filter>Behaviours</Filter>
    </ClCompile>
    <ClCompile Include="Behaviours\Crosshair2.cpp">
      <Filter>Behaviours</Filter>
    </ClCompile>
    <ClCompile Include="Behaviours\GOKiller.cpp">
      <Filter>Behaviours</Filter>
    </ClCompile>
    <ClCompile Include="Behaviours\Pivotter.cpp">
      <Filter>Behaviours</Filter>
    </ClCompile>
    <ClCompile Include="Behaviours\Rotator.cpp">
      <Filter>Behaviours</Filter>
    </ClCompile>
    <ClCompile Include="Behaviours\SceneChanger.cpp">
      <Filter>Behaviours</Filter>
    </ClCompile>
    <ClCompile Include="Behaviours\SpawnedCrosshair.cpp">
      <Filter>Behaviours</Filter>
    </ClCompile>
    <ClCompile Include="Behaviours\Spawner.cpp">
      <Filter>Behaviours</Filter>
    </ClCompile>
    <ClCompile Include="Scenes\TimeTesterScene.cpp">
      <Filter>Scenes</Filter>
    </ClCompile>
    <ClCompile Include="Behaviours\Mover.cpp">
      <Filter>Behaviours</Filter>
    </ClCompile>
    <ClCompile Include="Engine\EngineUtils.cpp">
      <Filter>Engine</Filter>
    </ClCompile>
    <ClCompile Include="Behaviours\TimeLogger.cpp">
      <Filter>Behaviours</Filter>
    </ClCompile>
    <ClCompile Include="Scenes\CollidersScene.cpp">
      <Filter>Scenes</Filter>
    </ClCompile>
    <ClCompile Include="Scenes\ParentSwitchScene.cpp">
      <Filter>Scenes</Filter>
    </ClCompile>
    <ClCompile Include="Behaviours\ParentSwitcher.cpp">
      <Filter>Behaviours</Filter>
    </ClCompile>
    <ClCompile Include="Engine\Components\Component.cpp">
      <Filter>Engine</Filter>
    </ClCompile>
    <ClCompile Include="Engine\Components\ComponentManager.cpp">
      <Filter>Engine</Filter>
    </ClCompile>
    <ClCompile Include="Engine\Components\ComponentsManager.cpp">
      <Filter>Engine</Filter>
    </ClCompile>
    <ClCompile Include="Engine\Components\Behaviours\Behaviour.cpp">
      <Filter>Engine</Filter>
    </ClCompile>
    <ClCompile Include="Engine\Components\Behaviours\BehavioursManager.cpp">
      <Filter>Engine</Filter>
    </ClCompile>
    <ClCompile Include="Engine\Components\Colliders\CircleCollider.cpp">
      <Filter>Engine</Filter>
    </ClCompile>
    <ClCompile Include="Engine\Components\Colliders\Collider.cpp">
      <Filter>Engine</Filter>
    </ClCompile>
    <ClCompile Include="Engine\Components\Colliders\CollidersManager.cpp">
      <Filter>Engine</Filter>
    </ClCompile>
    <ClCompile Include="Engine\Components\Colliders\RectangleCollider.cpp">
      <Filter>Engine</Filter>
    </ClCompile>
    <ClCompile Include="Engine\GameObjects\GameObject.cpp">
      <Filter>Engine</Filter>
    </ClCompile>
    <ClCompile Include="Engine\GameObjects\GameObjectsManager.cpp">
      <Filter>Engine</Filter>
    </ClCompile>
    <ClCompile Include="Engine\Scenes\Scene.cpp">
      <Filter>Engine</Filter>
    </ClCompile>
    <ClCompile Include="Engine\Scenes\SceneManager.cpp">
      <Filter>Engine</Filter>
    </ClCompile>
    <ClCompile Include="Engine\Components\Transforms\Transform.cpp">
      <Filter>Engine</Filter>
    </ClCompile>
    <ClCompile Include="Engine\Components\Renderers\Renderer.cpp">
      <Filter>Source Files</Filter>
    </ClCompile>
    <ClCompile Include="Engine\Components\Renderers\RenderersManager.cpp">
      <Filter>Source Files</Filter>
    </ClCompile>
    <ClCompile Include="Engine\Components\Renderers\Sprite.cpp">
      <Filter>Source Files</Filter>
    </ClCompile>
    <ClCompile Include="Engine\Components\Renderers\SpriteSheet.cpp">
      <Filter>Source Files</Filter>
    </ClCompile>
    <ClCompile Include="Scenes\SpriteSheetScene.cpp">
      <Filter>Source Files</Filter>
    </ClCompile>
    <ClCompile Include="Behaviours\SpriteSheetController.cpp">
      <Filter>Source Files</Filter>
    </ClCompile>
    <ClCompile Include="Behaviours\MegamanController.cpp">
      <Filter>Source Files</Filter>
    </ClCompile>
    <ClCompile Include="Engine\Components\Renderers\TextRenderer.cpp">
      <Filter>Source Files</Filter>
    </ClCompile>
    <ClCompile Include="Engine\Components\Renderers\SpriteRenderer.cpp">
      <Filter>Source Files</Filter>
    </ClCompile>
    <ClCompile Include="Behaviours\CollisionCallbackTester.cpp">
      <Filter>Source Files</Filter>
    </ClCompile>
    <ClCompile Include="Engine\Components\Colliders\TriggerCollisionCache.cpp">
      <Filter>Source Files</Filter>
    </ClCompile>
    <ClCompile Include="Engine\Engine.cpp">
      <Filter>Source Files</Filter>
    </ClCompile>
    <ClCompile Include="Engine\config\scenesConfig.cpp">
      <Filter>Source Files</Filter>
    </ClCompile>
    <ClCompile Include="Engine\API\API.cpp">
      <Filter>Source Files</Filter>
    </ClCompile>
  </ItemGroup>
  <ItemGroup>
    <ClInclude Include="Engine\constants.h">
      <Filter>Engine</Filter>
    </ClInclude>
    <ClInclude Include="Engine\Input.h">
      <Filter>Engine</Filter>
    </ClInclude>
    <ClInclude Include="Engine\Vector2.h">
      <Filter>Engine</Filter>
    </ClInclude>
    <ClInclude Include="Scenes\TransformPivotScene.h">
      <Filter>Scenes</Filter>
    </ClInclude>
    <ClInclude Include="Scenes\TestScene3.h">
      <Filter>Scenes</Filter>
    </ClInclude>
    <ClInclude Include="Scenes\TestScene2.h">
      <Filter>Scenes</Filter>
    </ClInclude>
    <ClInclude Include="Scenes\TestScene.h">
      <Filter>Scenes</Filter>
    </ClInclude>
    <ClInclude Include="Engine\Time.h">
      <Filter>Engine</Filter>
    </ClInclude>
    <ClInclude Include="Behaviours\BehaviourToRemove.h">
      <Filter>Behaviours</Filter>
    </ClInclude>
    <ClInclude Include="Behaviours\ColorChanger.h">
      <Filter>Behaviours</Filter>
    </ClInclude>
    <ClInclude Include="Behaviours\Crosshair.h">
      <Filter>Behaviours</Filter>
    </ClInclude>
    <ClInclude Include="Behaviours\Crosshair2.h">
      <Filter>Behaviours</Filter>
    </ClInclude>
    <ClInclude Include="Behaviours\GOKiller.h">
      <Filter>Behaviours</Filter>
    </ClInclude>
    <ClInclude Include="Behaviours\Pivotter.h">
      <Filter>Behaviours</Filter>
    </ClInclude>
    <ClInclude Include="Behaviours\Rotator.h">
      <Filter>Behaviours</Filter>
    </ClInclude>
    <ClInclude Include="Behaviours\SceneChanger.h">
      <Filter>Behaviours</Filter>
    </ClInclude>
    <ClInclude Include="Behaviours\SpawnedCrosshair.h">
      <Filter>Behaviours</Filter>
    </ClInclude>
    <ClInclude Include="Behaviours\Spawner.h">
      <Filter>Behaviours</Filter>
    </ClInclude>
    <ClInclude Include="Scenes\TimeTesterScene.h">
      <Filter>Scenes</Filter>
    </ClInclude>
    <ClInclude Include="Behaviours\Mover.h">
      <Filter>Behaviours</Filter>
    </ClInclude>
    <ClInclude Include="Engine\EngineUtils.h">
      <Filter>Engine</Filter>
    </ClInclude>
    <ClInclude Include="Behaviours\TimeLogger.h">
      <Filter>Behaviours</Filter>
    </ClInclude>
    <ClInclude Include="Scenes\CollidersScene.h">
      <Filter>Scenes</Filter>
    </ClInclude>
    <ClInclude Include="Scenes\ParentSwitchScene.h">
      <Filter>Scenes</Filter>
    </ClInclude>
    <ClInclude Include="Behaviours\ParentSwitcher.h">
      <Filter>Behaviours</Filter>
    </ClInclude>
    <ClInclude Include="Engine\Components\Component.h">
      <Filter>Engine</Filter>
    </ClInclude>
    <ClInclude Include="Engine\Components\ComponentManager.h">
      <Filter>Engine</Filter>
    </ClInclude>
    <ClInclude Include="Engine\Components\ComponentsManager.h">
      <Filter>Engine</Filter>
    </ClInclude>
    <ClInclude Include="Engine\Components\Behaviours\Behaviour.h">
      <Filter>Engine</Filter>
    </ClInclude>
    <ClInclude Include="Engine\Components\Behaviours\BehavioursManager.h">
      <Filter>Engine</Filter>
    </ClInclude>
    <ClInclude Include="Engine\Components\Colliders\CircleCollider.h">
      <Filter>Engine</Filter>
    </ClInclude>
    <ClInclude Include="Engine\Components\Colliders\Collider.h">
      <Filter>Engine</Filter>
    </ClInclude>
    <ClInclude Include="Engine\Components\Colliders\CollidersManager.h">
      <Filter>Engine</Filter>
    </ClInclude>
    <ClInclude Include="Engine\Components\Colliders\RectangleCollider.h">
      <Filter>Engine</Filter>
    </ClInclude>
    <ClInclude Include="Engine\GameObjects\GameObject.h">
      <Filter>Engine</Filter>
    </ClInclude>
    <ClInclude Include="Engine\GameObjects\GameObjectsManager.h">
      <Filter>Engine</Filter>
    </ClInclude>
    <ClInclude Include="Engine\Scenes\SceneManager.h">
      <Filter>Engine</Filter>
    </ClInclude>
    <ClInclude Include="Engine\Scenes\Scene.h">
      <Filter>Engine</Filter>
    </ClInclude>
    <ClInclude Include="Engine\Components\Transforms\Transform.h">
      <Filter>Engine</Filter>
    </ClInclude>
    <ClInclude Include="Engine\Components\Renderers\Renderer.h">
      <Filter>Header Files</Filter>
    </ClInclude>
    <ClInclude Include="Engine\Components\Renderers\RenderersManager.h">
      <Filter>Header Files</Filter>
    </ClInclude>
    <ClInclude Include="Engine\Components\Renderers\Sprite.h">
      <Filter>Header Files</Filter>
    </ClInclude>
    <ClInclude Include="Engine\Components\Renderers\SpriteSheet.h">
      <Filter>Header Files</Filter>
    </ClInclude>
    <ClInclude Include="Scenes\SpriteSheetScene.h">
      <Filter>Header Files</Filter>
    </ClInclude>
    <ClInclude Include="Behaviours\SpriteSheetController.h">
      <Filter>Header Files</Filter>
    </ClInclude>
    <ClInclude Include="Behaviours\MegamanController.h">
      <Filter>Header Files</Filter>
    </ClInclude>
    <ClInclude Include="Engine\Components\Renderers\TextRenderer.h">
      <Filter>Header Files</Filter>
    </ClInclude>
    <ClInclude Include="Engine\Components\Renderers\SpriteRenderer.h">
      <Filter>Header Files</Filter>
    </ClInclude>
    <ClInclude Include="Engine\Components\ComponentType.h">
      <Filter>Header Files</Filter>
    </ClInclude>
    <ClInclude Include="Engine\Components\Colliders\CollisionInfo.h">
      <Filter>Header Files</Filter>
    </ClInclude>
    <ClInclude Include="Behaviours\CollisionCallbackTester.h">
      <Filter>Header Files</Filter>
    </ClInclude>
    <ClInclude Include="Engine\Components\Colliders\TriggerCollisionCache.h">
      <Filter>Header Files</Filter>
    </ClInclude>
    <ClInclude Include="Engine\Engine.h">
      <Filter>Header Files</Filter>
    </ClInclude>
    <ClInclude Include="Engine\config\scenesConfig.h">
      <Filter>Header Files</Filter>
    </ClInclude>
    <ClInclude Include="Engine\API\API.h">
      <Filter>Header Files</Filter>
    </ClInclude>
  </ItemGroup>
  <ItemGroup>
    <Image Include="assets\Crosshair.png">
      <Filter>Resource Files</Filter>
    </Image>
    <Image Include="assets\Target.png">
      <Filter>Resource Files</Filter>
    </Image>
    <Image Include="assets\Square.png">
      <Filter>Resource Files</Filter>
    </Image>
    <Image Include="assets\Spritesheet.png">
      <Filter>Resource Files</Filter>
    </Image>
    <Image Include="assets\MegamanSpriteSheet.png">
      <Filter>Resource Files</Filter>
    </Image>
  </ItemGroup>
  <ItemGroup>
    <Text Include="assets\ToDoList.txt">
      <Filter>Resource Files</Filter>
    </Text>
  </ItemGroup>
  <ItemGroup>
    <Font Include="assets\lazy.ttf" />
  </ItemGroup>
</Project>